// !$*UTF8*$!
{
	archiveVersion = 1;
	classes = {
	};
	objectVersion = 77;
	objects = {

/* Begin PBXBuildFile section */
		9C7C05082E2DE50D00C66727 /* CoreNFC.framework in Frameworks */ = {isa = PBXBuildFile; fileRef = 9C7C05032E2DE4FE00C66727 /* CoreNFC.framework */; };
/* End PBXBuildFile section */

/* Begin PBXContainerItemProxy section */
		9C7C04E52E2DE39C00C66727 /* PBXContainerItemProxy */ = {
			isa = PBXContainerItemProxy;
			containerPortal = 9C7C04CD2E2DE39900C66727 /* Project object */;
			proxyType = 1;
			remoteGlobalIDString = 9C7C04D42E2DE39900C66727;
			remoteInfo = NFCPass;
		};
		9C7C04EF2E2DE39C00C66727 /* PBXContainerItemProxy */ = {
			isa = PBXContainerItemProxy;
			containerPortal = 9C7C04CD2E2DE39900C66727 /* Project object */;
			proxyType = 1;
			remoteGlobalIDString = 9C7C04D42E2DE39900C66727;
			remoteInfo = NFCPass;
		};
/* End PBXContainerItemProxy section */

/* Begin PBXFileReference section */
		9C7C04D52E2DE39900C66727 /* NFCPass.app */ = {isa = PBXFileReference; explicitFileType = wrapper.application; includeInIndex = 0; path = NFCPass.app; sourceTree = BUILT_PRODUCTS_DIR; };
		9C7C04E42E2DE39C00C66727 /* NFCPassTests.xctest */ = {isa = PBXFileReference; explicitFileType = wrapper.cfbundle; includeInIndex = 0; path = NFCPassTests.xctest; sourceTree = BUILT_PRODUCTS_DIR; };
		9C7C04EE2E2DE39C00C66727 /* NFCPassUITests.xctest */ = {isa = PBXFileReference; explicitFileType = wrapper.cfbundle; includeInIndex = 0; path = NFCPassUITests.xctest; sourceTree = BUILT_PRODUCTS_DIR; };
		9C7C05032E2DE4FE00C66727 /* CoreNFC.framework */ = {isa = PBXFileReference; lastKnownFileType = wrapper.framework; name = CoreNFC.framework; path = System/Library/Frameworks/CoreNFC.framework; sourceTree = SDKROOT; };
/* End PBXFileReference section */

/* Begin PBXFileSystemSynchronizedBuildFileExceptionSet section */
		9C7C050D2E2DE78800C66727 /* Exceptions for "NFCPass" folder in "NFCPass" target */ = {
			isa = PBXFileSystemSynchronizedBuildFileExceptionSet;
			membershipExceptions = (
				Info.plist,
			);
			target = 9C7C04D42E2DE39900C66727 /* NFCPass */;
		};
/* End PBXFileSystemSynchronizedBuildFileExceptionSet section */

/* Begin PBXFileSystemSynchronizedRootGroup section */
		9C7C04D72E2DE39900C66727 /* NFCPass */ = {
			isa = PBXFileSystemSynchronizedRootGroup;
			exceptions = (
				9C7C050D2E2DE78800C66727 /* Exceptions for "NFCPass" folder in "NFCPass" target */,
			);
			path = NFCPass;
			sourceTree = "<group>";
		};
		9C7C04E72E2DE39C00C66727 /* NFCPassTests */ = {
			isa = PBXFileSystemSynchronizedRootGroup;
			path = NFCPassTests;
			sourceTree = "<group>";
		};
		9C7C04F12E2DE39C00C66727 /* NFCPassUITests */ = {
			isa = PBXFileSystemSynchronizedRootGroup;
			path = NFCPassUITests;
			sourceTree = "<group>";
		};
/* End PBXFileSystemSynchronizedRootGroup section */

/* Begin PBXFrameworksBuildPhase section */
		9C7C04D22E2DE39900C66727 /* Frameworks */ = {
			isa = PBXFrameworksBuildPhase;
			buildActionMask = 2147483647;
			files = (
				9C7C05082E2DE50D00C66727 /* CoreNFC.framework in Frameworks */,
			);
			runOnlyForDeploymentPostprocessing = 0;
		};
		9C7C04E12E2DE39C00C66727 /* Frameworks */ = {
			isa = PBXFrameworksBuildPhase;
			buildActionMask = 2147483647;
			files = (
			);
			runOnlyForDeploymentPostprocessing = 0;
		};
		9C7C04EB2E2DE39C00C66727 /* Frameworks */ = {
			isa = PBXFrameworksBuildPhase;
			buildActionMask = 2147483647;
			files = (
			);
			runOnlyForDeploymentPostprocessing = 0;
		};
/* End PBXFrameworksBuildPhase section */

/* Begin PBXGroup section */
		9C7C04CC2E2DE39900C66727 = {
			isa = PBXGroup;
			children = (
				9C7C04D72E2DE39900C66727 /* NFCPass */,
				9C7C04E72E2DE39C00C66727 /* NFCPassTests */,
				9C7C04F12E2DE39C00C66727 /* NFCPassUITests */,
				9C7C05022E2DE4FD00C66727 /* Frameworks */,
				9C7C04D62E2DE39900C66727 /* Products */,
			);
			sourceTree = "<group>";
		};
		9C7C04D62E2DE39900C66727 /* Products */ = {
			isa = PBXGroup;
			children = (
				9C7C04D52E2DE39900C66727 /* NFCPass.app */,
				9C7C04E42E2DE39C00C66727 /* NFCPassTests.xctest */,
				9C7C04EE2E2DE39C00C66727 /* NFCPassUITests.xctest */,
			);
			name = Products;
			sourceTree = "<group>";
		};
		9C7C05022E2DE4FD00C66727 /* Frameworks */ = {
			isa = PBXGroup;
			children = (
				9C7C05032E2DE4FE00C66727 /* CoreNFC.framework */,
			);
			name = Frameworks;
			sourceTree = "<group>";
		};
/* End PBXGroup section */

/* Begin PBXNativeTarget section */
		9C7C04D42E2DE39900C66727 /* NFCPass */ = {
			isa = PBXNativeTarget;
			buildConfigurationList = 9C7C04F82E2DE39C00C66727 /* Build configuration list for PBXNativeTarget "NFCPass" */;
			buildPhases = (
				9C7C04D12E2DE39900C66727 /* Sources */,
				9C7C04D22E2DE39900C66727 /* Frameworks */,
				9C7C04D32E2DE39900C66727 /* Resources */,
			);
			buildRules = (
			);
			dependencies = (
			);
			fileSystemSynchronizedGroups = (
				9C7C04D72E2DE39900C66727 /* NFCPass */,
			);
			name = NFCPass;
			packageProductDependencies = (
			);
			productName = NFCPass;
			productReference = 9C7C04D52E2DE39900C66727 /* NFCPass.app */;
			productType = "com.apple.product-type.application";
		};
		9C7C04E32E2DE39C00C66727 /* NFCPassTests */ = {
			isa = PBXNativeTarget;
			buildConfigurationList = 9C7C04FB2E2DE39C00C66727 /* Build configuration list for PBXNativeTarget "NFCPassTests" */;
			buildPhases = (
				9C7C04E02E2DE39C00C66727 /* Sources */,
				9C7C04E12E2DE39C00C66727 /* Frameworks */,
				9C7C04E22E2DE39C00C66727 /* Resources */,
			);
			buildRules = (
			);
			dependencies = (
				9C7C04E62E2DE39C00C66727 /* PBXTargetDependency */,
			);
			fileSystemSynchronizedGroups = (
				9C7C04E72E2DE39C00C66727 /* NFCPassTests */,
			);
			name = NFCPassTests;
			packageProductDependencies = (
			);
			productName = NFCPassTests;
			productReference = 9C7C04E42E2DE39C00C66727 /* NFCPassTests.xctest */;
			productType = "com.apple.product-type.bundle.unit-test";
		};
		9C7C04ED2E2DE39C00C66727 /* NFCPassUITests */ = {
			isa = PBXNativeTarget;
			buildConfigurationList = 9C7C04FE2E2DE39C00C66727 /* Build configuration list for PBXNativeTarget "NFCPassUITests" */;
			buildPhases = (
				9C7C04EA2E2DE39C00C66727 /* Sources */,
				9C7C04EB2E2DE39C00C66727 /* Frameworks */,
				9C7C04EC2E2DE39C00C66727 /* Resources */,
			);
			buildRules = (
			);
			dependencies = (
				9C7C04F02E2DE39C00C66727 /* PBXTargetDependency */,
			);
			fileSystemSynchronizedGroups = (
				9C7C04F12E2DE39C00C66727 /* NFCPassUITests */,
			);
			name = NFCPassUITests;
			packageProductDependencies = (
			);
			productName = NFCPassUITests;
			productReference = 9C7C04EE2E2DE39C00C66727 /* NFCPassUITests.xctest */;
			productType = "com.apple.product-type.bundle.ui-testing";
		};
/* End PBXNativeTarget section */

/* Begin PBXProject section */
		9C7C04CD2E2DE39900C66727 /* Project object */ = {
			isa = PBXProject;
			attributes = {
				BuildIndependentTargetsInParallel = 1;
				LastSwiftUpdateCheck = 1640;
				LastUpgradeCheck = 1640;
				TargetAttributes = {
					9C7C04D42E2DE39900C66727 = {
						CreatedOnToolsVersion = 16.4;
					};
					9C7C04E32E2DE39C00C66727 = {
						CreatedOnToolsVersion = 16.4;
						TestTargetID = 9C7C04D42E2DE39900C66727;
					};
					9C7C04ED2E2DE39C00C66727 = {
						CreatedOnToolsVersion = 16.4;
						TestTargetID = 9C7C04D42E2DE39900C66727;
					};
				};
			};
			buildConfigurationList = 9C7C04D02E2DE39900C66727 /* Build configuration list for PBXProject "NFCPass" */;
			developmentRegion = en;
			hasScannedForEncodings = 0;
			knownRegions = (
				en,
				Base,
			);
			mainGroup = 9C7C04CC2E2DE39900C66727;
			minimizedProjectReferenceProxies = 1;
			preferredProjectObjectVersion = 77;
			productRefGroup = 9C7C04D62E2DE39900C66727 /* Products */;
			projectDirPath = "";
			projectRoot = "";
			targets = (
				9C7C04D42E2DE39900C66727 /* NFCPass */,
				9C7C04E32E2DE39C00C66727 /* NFCPassTests */,
				9C7C04ED2E2DE39C00C66727 /* NFCPassUITests */,
			);
		};
/* End PBXProject section */

/* Begin PBXResourcesBuildPhase section */
		9C7C04D32E2DE39900C66727 /* Resources */ = {
			isa = PBXResourcesBuildPhase;
			buildActionMask = 2147483647;
			files = (
			);
			runOnlyForDeploymentPostprocessing = 0;
		};
		9C7C04E22E2DE39C00C66727 /* Resources */ = {
			isa = PBXResourcesBuildPhase;
			buildActionMask = 2147483647;
			files = (
			);
			runOnlyForDeploymentPostprocessing = 0;
		};
		9C7C04EC2E2DE39C00C66727 /* Resources */ = {
			isa = PBXResourcesBuildPhase;
			buildActionMask = 2147483647;
			files = (
			);
			runOnlyForDeploymentPostprocessing = 0;
		};
/* End PBXResourcesBuildPhase section */

/* Begin PBXSourcesBuildPhase section */
		9C7C04D12E2DE39900C66727 /* Sources */ = {
			isa = PBXSourcesBuildPhase;
			buildActionMask = 2147483647;
			files = (
			);
			runOnlyForDeploymentPostprocessing = 0;
		};
		9C7C04E02E2DE39C00C66727 /* Sources */ = {
			isa = PBXSourcesBuildPhase;
			buildActionMask = 2147483647;
			files = (
			);
			runOnlyForDeploymentPostprocessing = 0;
		};
		9C7C04EA2E2DE39C00C66727 /* Sources */ = {
			isa = PBXSourcesBuildPhase;
			buildActionMask = 2147483647;
			files = (
			);
			runOnlyForDeploymentPostprocessing = 0;
		};
/* End PBXSourcesBuildPhase section */

/* Begin PBXTargetDependency section */
		9C7C04E62E2DE39C00C66727 /* PBXTargetDependency */ = {
			isa = PBXTargetDependency;
			target = 9C7C04D42E2DE39900C66727 /* NFCPass */;
			targetProxy = 9C7C04E52E2DE39C00C66727 /* PBXContainerItemProxy */;
		};
		9C7C04F02E2DE39C00C66727 /* PBXTargetDependency */ = {
			isa = PBXTargetDependency;
			target = 9C7C04D42E2DE39900C66727 /* NFCPass */;
			targetProxy = 9C7C04EF2E2DE39C00C66727 /* PBXContainerItemProxy */;
		};
/* End PBXTargetDependency section */

/* Begin XCBuildConfiguration section */
		9C7C04F62E2DE39C00C66727 /* Debug */ = {
			isa = XCBuildConfiguration;
			buildSettings = {
				ALWAYS_SEARCH_USER_PATHS = NO;
				ASSETCATALOG_COMPILER_GENERATE_SWIFT_ASSET_SYMBOL_EXTENSIONS = YES;
				CLANG_ANALYZER_NONNULL = YES;
				CLANG_ANALYZER_NUMBER_OBJECT_CONVERSION = YES_AGGRESSIVE;
				CLANG_CXX_LANGUAGE_STANDARD = "gnu++20";
				CLANG_ENABLE_MODULES = YES;
				CLANG_ENABLE_OBJC_ARC = YES;
				CLANG_ENABLE_OBJC_WEAK = YES;
				CLANG_WARN_BLOCK_CAPTURE_AUTORELEASING = YES;
				CLANG_WARN_BOOL_CONVERSION = YES;
				CLANG_WARN_COMMA = YES;
				CLANG_WARN_CONSTANT_CONVERSION = YES;
				CLANG_WARN_DEPRECATED_OBJC_IMPLEMENTATIONS = YES;
				CLANG_WARN_DIRECT_OBJC_ISA_USAGE = YES_ERROR;
				CLANG_WARN_DOCUMENTATION_COMMENTS = YES;
				CLANG_WARN_EMPTY_BODY = YES;
				CLANG_WARN_ENUM_CONVERSION = YES;
				CLANG_WARN_INFINITE_RECURSION = YES;
				CLANG_WARN_INT_CONVERSION = YES;
				CLANG_WARN_NON_LITERAL_NULL_CONVERSION = YES;
				CLANG_WARN_OBJC_IMPLICIT_RETAIN_SELF = YES;
				CLANG_WARN_OBJC_LITERAL_CONVERSION = YES;
				CLANG_WARN_OBJC_ROOT_CLASS = YES_ERROR;
				CLANG_WARN_QUOTED_INCLUDE_IN_FRAMEWORK_HEADER = YES;
				CLANG_WARN_RANGE_LOOP_ANALYSIS = YES;
				CLANG_WARN_STRICT_PROTOTYPES = YES;
				CLANG_WARN_SUSPICIOUS_MOVE = YES;
				CLANG_WARN_UNGUARDED_AVAILABILITY = YES_AGGRESSIVE;
				CLANG_WARN_UNREACHABLE_CODE = YES;
				CLANG_WARN__DUPLICATE_METHOD_MATCH = YES;
				COPY_PHASE_STRIP = NO;
				DEBUG_INFORMATION_FORMAT = dwarf;
				DEVELOPMENT_TEAM = XLA5QQ65S8;
				ENABLE_STRICT_OBJC_MSGSEND = YES;
				ENABLE_TESTABILITY = YES;
				ENABLE_USER_SCRIPT_SANDBOXING = YES;
				GCC_C_LANGUAGE_STANDARD = gnu17;
				GCC_DYNAMIC_NO_PIC = NO;
				GCC_NO_COMMON_BLOCKS = YES;
				GCC_OPTIMIZATION_LEVEL = 0;
				GCC_PREPROCESSOR_DEFINITIONS = (
					"DEBUG=1",
					"$(inherited)",
				);
				GCC_WARN_64_TO_32_BIT_CONVERSION = YES;
				GCC_WARN_ABOUT_RETURN_TYPE = YES_ERROR;
				GCC_WARN_UNDECLARED_SELECTOR = YES;
				GCC_WARN_UNINITIALIZED_AUTOS = YES_AGGRESSIVE;
				GCC_WARN_UNUSED_FUNCTION = YES;
				GCC_WARN_UNUSED_VARIABLE = YES;
				IPHONEOS_DEPLOYMENT_TARGET = 18.5;
				LOCALIZATION_PREFERS_STRING_CATALOGS = YES;
				MTL_ENABLE_DEBUG_INFO = INCLUDE_SOURCE;
				MTL_FAST_MATH = YES;
				ONLY_ACTIVE_ARCH = YES;
				SDKROOT = iphoneos;
				SWIFT_ACTIVE_COMPILATION_CONDITIONS = "DEBUG $(inherited)";
				SWIFT_OPTIMIZATION_LEVEL = "-Onone";
			};
			name = Debug;
		};
		9C7C04F72E2DE39C00C66727 /* Release */ = {
			isa = XCBuildConfiguration;
			buildSettings = {
				ALWAYS_SEARCH_USER_PATHS = NO;
				ASSETCATALOG_COMPILER_GENERATE_SWIFT_ASSET_SYMBOL_EXTENSIONS = YES;
				CLANG_ANALYZER_NONNULL = YES;
				CLANG_ANALYZER_NUMBER_OBJECT_CONVERSION = YES_AGGRESSIVE;
				CLANG_CXX_LANGUAGE_STANDARD = "gnu++20";
				CLANG_ENABLE_MODULES = YES;
				CLANG_ENABLE_OBJC_ARC = YES;
				CLANG_ENABLE_OBJC_WEAK = YES;
				CLANG_WARN_BLOCK_CAPTURE_AUTORELEASING = YES;
				CLANG_WARN_BOOL_CONVERSION = YES;
				CLANG_WARN_COMMA = YES;
				CLANG_WARN_CONSTANT_CONVERSION = YES;
				CLANG_WARN_DEPRECATED_OBJC_IMPLEMENTATIONS = YES;
				CLANG_WARN_DIRECT_OBJC_ISA_USAGE = YES_ERROR;
				CLANG_WARN_DOCUMENTATION_COMMENTS = YES;
				CLANG_WARN_EMPTY_BODY = YES;
				CLANG_WARN_ENUM_CONVERSION = YES;
				CLANG_WARN_INFINITE_RECURSION = YES;
				CLANG_WARN_INT_CONVERSION = YES;
				CLANG_WARN_NON_LITERAL_NULL_CONVERSION = YES;
				CLANG_WARN_OBJC_IMPLICIT_RETAIN_SELF = YES;
				CLANG_WARN_OBJC_LITERAL_CONVERSION = YES;
				CLANG_WARN_OBJC_ROOT_CLASS = YES_ERROR;
				CLANG_WARN_QUOTED_INCLUDE_IN_FRAMEWORK_HEADER = YES;
				CLANG_WARN_RANGE_LOOP_ANALYSIS = YES;
				CLANG_WARN_STRICT_PROTOTYPES = YES;
				CLANG_WARN_SUSPICIOUS_MOVE = YES;
				CLANG_WARN_UNGUARDED_AVAILABILITY = YES_AGGRESSIVE;
				CLANG_WARN_UNREACHABLE_CODE = YES;
				CLANG_WARN__DUPLICATE_METHOD_MATCH = YES;
				COPY_PHASE_STRIP = NO;
				DEBUG_INFORMATION_FORMAT = "dwarf-with-dsym";
				DEVELOPMENT_TEAM = XLA5QQ65S8;
				ENABLE_NS_ASSERTIONS = NO;
				ENABLE_STRICT_OBJC_MSGSEND = YES;
				ENABLE_USER_SCRIPT_SANDBOXING = YES;
				GCC_C_LANGUAGE_STANDARD = gnu17;
				GCC_NO_COMMON_BLOCKS = YES;
				GCC_WARN_64_TO_32_BIT_CONVERSION = YES;
				GCC_WARN_ABOUT_RETURN_TYPE = YES_ERROR;
				GCC_WARN_UNDECLARED_SELECTOR = YES;
				GCC_WARN_UNINITIALIZED_AUTOS = YES_AGGRESSIVE;
				GCC_WARN_UNUSED_FUNCTION = YES;
				GCC_WARN_UNUSED_VARIABLE = YES;
				IPHONEOS_DEPLOYMENT_TARGET = 18.5;
				LOCALIZATION_PREFERS_STRING_CATALOGS = YES;
				MTL_ENABLE_DEBUG_INFO = NO;
				MTL_FAST_MATH = YES;
				SDKROOT = iphoneos;
				SWIFT_COMPILATION_MODE = wholemodule;
				VALIDATE_PRODUCT = YES;
			};
			name = Release;
		};
		9C7C04F92E2DE39C00C66727 /* Debug */ = {
			isa = XCBuildConfiguration;
			buildSettings = {
				ASSETCATALOG_COMPILER_APPICON_NAME = AppIcon;
				ASSETCATALOG_COMPILER_GLOBAL_ACCENT_COLOR_NAME = AccentColor;
				CODE_SIGN_ENTITLEMENTS = NFCPass/NFCPass.entitlements;
				CODE_SIGN_STYLE = Automatic;
				CURRENT_PROJECT_VERSION = 1;
				DEVELOPMENT_TEAM = XLA5QQ65S8;
				ENABLE_PREVIEWS = YES;
				GENERATE_INFOPLIST_FILE = YES;
				INFOPLIST_FILE = NFCPass/Info.plist;
				INFOPLIST_KEY_CFBundleDisplayName = "NFC Pass";
				INFOPLIST_KEY_LSApplicationCategoryType = "public.app-category.utilities";
				INFOPLIST_KEY_NFCReaderUsageDescription = "This app scans NFC tags to save and display their data.";
				INFOPLIST_KEY_UIApplicationSceneManifest_Generation = YES;
				INFOPLIST_KEY_UIApplicationSupportsIndirectInputEvents = YES;
				INFOPLIST_KEY_UILaunchScreen_Generation = YES;
				INFOPLIST_KEY_UISupportedInterfaceOrientations = UIInterfaceOrientationPortrait;
				INFOPLIST_KEY_UISupportedInterfaceOrientations_iPad = "UIInterfaceOrientationLandscapeLeft UIInterfaceOrientationLandscapeRight UIInterfaceOrientationPortrait UIInterfaceOrientationPortraitUpsideDown";
				LD_RUNPATH_SEARCH_PATHS = (
					"$(inherited)",
					"@executable_path/Frameworks",
				);
				MARKETING_VERSION = 1.0;
				PRODUCT_BUNDLE_IDENTIFIER = com.DelphiGamerz.NFCSafe;
				PRODUCT_NAME = "$(TARGET_NAME)";
				SUPPORTED_PLATFORMS = "iphoneos iphonesimulator";
				SUPPORTS_MACCATALYST = NO;
				SUPPORTS_MAC_DESIGNED_FOR_IPHONE_IPAD = NO;
				SUPPORTS_XR_DESIGNED_FOR_IPHONE_IPAD = NO;
				SWIFT_EMIT_LOC_STRINGS = YES;
				SWIFT_VERSION = 5.0;
				TARGETED_DEVICE_FAMILY = 1;
			};
			name = Debug;
		};
		9C7C04FA2E2DE39C00C66727 /* Release */ = {
			isa = XCBuildConfiguration;
			buildSettings = {
				ASSETCATALOG_COMPILER_APPICON_NAME = AppIcon;
				ASSETCATALOG_COMPILER_GLOBAL_ACCENT_COLOR_NAME = AccentColor;
				CODE_SIGN_ENTITLEMENTS = NFCPass/NFCPass.entitlements;
				CODE_SIGN_STYLE = Automatic;
				CURRENT_PROJECT_VERSION = 1;
				DEVELOPMENT_TEAM = XLA5QQ65S8;
				ENABLE_PREVIEWS = YES;
				GENERATE_INFOPLIST_FILE = YES;
				INFOPLIST_FILE = NFCPass/Info.plist;
				INFOPLIST_KEY_CFBundleDisplayName = "NFC Pass";
				INFOPLIST_KEY_LSApplicationCategoryType = "public.app-category.utilities";
				INFOPLIST_KEY_NFCReaderUsageDescription = "This app scans NFC tags to save and display their data.";
				INFOPLIST_KEY_UIApplicationSceneManifest_Generation = YES;
				INFOPLIST_KEY_UIApplicationSupportsIndirectInputEvents = YES;
				INFOPLIST_KEY_UILaunchScreen_Generation = YES;
				INFOPLIST_KEY_UISupportedInterfaceOrientations = UIInterfaceOrientationPortrait;
				INFOPLIST_KEY_UISupportedInterfaceOrientations_iPad = "UIInterfaceOrientationLandscapeLeft UIInterfaceOrientationLandscapeRight UIInterfaceOrientationPortrait UIInterfaceOrientationPortraitUpsideDown";
				LD_RUNPATH_SEARCH_PATHS = (
					"$(inherited)",
					"@executable_path/Frameworks",
				);
				MARKETING_VERSION = 1.0;
				PRODUCT_BUNDLE_IDENTIFIER = com.DelphiGamerz.NFCSafe;
				PRODUCT_NAME = "$(TARGET_NAME)";
				SUPPORTED_PLATFORMS = "iphoneos iphonesimulator";
				SUPPORTS_MACCATALYST = NO;
				SUPPORTS_MAC_DESIGNED_FOR_IPHONE_IPAD = NO;
				SUPPORTS_XR_DESIGNED_FOR_IPHONE_IPAD = NO;
				SWIFT_EMIT_LOC_STRINGS = YES;
				SWIFT_VERSION = 5.0;
				TARGETED_DEVICE_FAMILY = 1;
			};
			name = Release;
		};
		9C7C04FC2E2DE39C00C66727 /* Debug */ = {
			isa = XCBuildConfiguration;
			buildSettings = {
				BUNDLE_LOADER = "$(TEST_HOST)";
				CODE_SIGN_STYLE = Automatic;
				CURRENT_PROJECT_VERSION = 1;
				DEVELOPMENT_TEAM = XLA5QQ65S8;
				GENERATE_INFOPLIST_FILE = YES;
				IPHONEOS_DEPLOYMENT_TARGET = 18.5;
				MARKETING_VERSION = 1.0;
				PRODUCT_BUNDLE_IDENTIFIER = com.DelphiGamerz.NFCPassTests;
				PRODUCT_NAME = "$(TARGET_NAME)";
				SWIFT_EMIT_LOC_STRINGS = NO;
				SWIFT_VERSION = 5.0;
				TARGETED_DEVICE_FAMILY = "1,2";
				TEST_HOST = "$(BUILT_PRODUCTS_DIR)/NFCPass.app/$(BUNDLE_EXECUTABLE_FOLDER_PATH)/NFCPass";
			};
			name = Debug;
		};
		9C7C04FD2E2DE39C00C66727 /* Release */ = {
			isa = XCBuildConfiguration;
			buildSettings = {
				BUNDLE_LOADER = "$(TEST_HOST)";
				CODE_SIGN_STYLE = Automatic;
				CURRENT_PROJECT_VERSION = 1;
				DEVELOPMENT_TEAM = XLA5QQ65S8;
				GENERATE_INFOPLIST_FILE = YES;
				IPHONEOS_DEPLOYMENT_TARGET = 18.5;
				MARKETING_VERSION = 1.0;
				PRODUCT_BUNDLE_IDENTIFIER = com.DelphiGamerz.NFCPassTests;
				PRODUCT_NAME = "$(TARGET_NAME)";
				SWIFT_EMIT_LOC_STRINGS = NO;
				SWIFT_VERSION = 5.0;
				TARGETED_DEVICE_FAMILY = "1,2";
				TEST_HOST = "$(BUILT_PRODUCTS_DIR)/NFCPass.app/$(BUNDLE_EXECUTABLE_FOLDER_PATH)/NFCPass";
			};
			name = Release;
		};
		9C7C04FF2E2DE39C00C66727 /* Debug */ = {
			isa = XCBuildConfiguration;
			buildSettings = {
				CODE_SIGN_STYLE = Automatic;
				CURRENT_PROJECT_VERSION = 1;
				DEVELOPMENT_TEAM = XLA5QQ65S8;
				GENERATE_INFOPLIST_FILE = YES;
				MARKETING_VERSION = 1.0;
				PRODUCT_BUNDLE_IDENTIFIER = com.DelphiGamerz.NFCPassUITests;
				PRODUCT_NAME = "$(TARGET_NAME)";
				SWIFT_EMIT_LOC_STRINGS = NO;
				SWIFT_VERSION = 5.0;
				TARGETED_DEVICE_FAMILY = "1,2";
				TEST_TARGET_NAME = NFCPass;
			};
			name = Debug;
		};
		9C7C05002E2DE39C00C66727 /* Release */ = {
			isa = XCBuildConfiguration;
			buildSettings = {
				CODE_SIGN_STYLE = Automatic;
				CURRENT_PROJECT_VERSION = 1;
				DEVELOPMENT_TEAM = XLA5QQ65S8;
				GENERATE_INFOPLIST_FILE = YES;
				MARKETING_VERSION = 1.0;
				PRODUCT_BUNDLE_IDENTIFIER = com.DelphiGamerz.NFCPassUITests;
				PRODUCT_NAME = "$(TARGET_NAME)";
				SWIFT_EMIT_LOC_STRINGS = NO;
				SWIFT_VERSION = 5.0;
				TARGETED_DEVICE_FAMILY = "1,2";
				TEST_TARGET_NAME = NFCPass;
			};
			name = Release;
		};
/* End XCBuildConfiguration section */

/* Begin XCConfigurationList section */
		9C7C04D02E2DE39900C66727 /* Build configuration list for PBXProject "NFCPass" */ = {
			isa = XCConfigurationList;
			buildConfigurations = (
				9C7C04F62E2DE39C00C66727 /* Debug */,
				9C7C04F72E2DE39C00C66727 /* Release */,
			);
			defaultConfigurationIsVisible = 0;
			defaultConfigurationName = Release;
		};
		9C7C04F82E2DE39C00C66727 /* Build configuration list for PBXNativeTarget "NFCPass" */ = {
			isa = XCConfigurationList;
			buildConfigurations = (
				9C7C04F92E2DE39C00C66727 /* Debug */,
				9C7C04FA2E2DE39C00C66727 /* Release */,
			);
			defaultConfigurationIsVisible = 0;
			defaultConfigurationName = Release;
		};
		9C7C04FB2E2DE39C00C66727 /* Build configuration list for PBXNativeTarget "NFCPassTests" */ = {
			isa = XCConfigurationList;
			buildConfigurations = (
				9C7C04FC2E2DE39C00C66727 /* Debug */,
				9C7C04FD2E2DE39C00C66727 /* Release */,
			);
			defaultConfigurationIsVisible = 0;
			defaultConfigurationName = Release;
		};
		9C7C04FE2E2DE39C00C66727 /* Build configuration list for PBXNativeTarget "NFCPassUITests" */ = {
			isa = XCConfigurationList;
			buildConfigurations = (
				9C7C04FF2E2DE39C00C66727 /* Debug */,
				9C7C05002E2DE39C00C66727 /* Release */,
			);
			defaultConfigurationIsVisible = 0;
			defaultConfigurationName = Release;
		};
/* End XCConfigurationList section */
	};
	rootObject = 9C7C04CD2E2DE39900C66727 /* Project object */;
}
